// !$*UTF8*$!
{
	archiveVersion = 1;
	classes = {
	};
	objectVersion = 51;
	objects = {

/* Begin PBXBuildFile section */
		6358C329230B96700067AA87 /* AppDelegate.swift in Sources */ = {isa = PBXBuildFile; fileRef = 6358C328230B96700067AA87 /* AppDelegate.swift */; };
		6358C32B230B96700067AA87 /* ViewController.swift in Sources */ = {isa = PBXBuildFile; fileRef = 6358C32A230B96700067AA87 /* ViewController.swift */; };
		6358C32E230B96700067AA87 /* Main.storyboard in Resources */ = {isa = PBXBuildFile; fileRef = 6358C32C230B96700067AA87 /* Main.storyboard */; };
		6358C330230B96720067AA87 /* Assets.xcassets in Resources */ = {isa = PBXBuildFile; fileRef = 6358C32F230B96720067AA87 /* Assets.xcassets */; };
		6358C333230B96720067AA87 /* LaunchScreen.storyboard in Resources */ = {isa = PBXBuildFile; fileRef = 6358C331230B96720067AA87 /* LaunchScreen.storyboard */; };
		6358C33E230B96720067AA87 /* OpenDataDemoTests.swift in Sources */ = {isa = PBXBuildFile; fileRef = 6358C33D230B96720067AA87 /* OpenDataDemoTests.swift */; };
		63A2C468230B997700799CF3 /* R.generated.swift in Sources */ = {isa = PBXBuildFile; fileRef = 63A2C467230B997700799CF3 /* R.generated.swift */; };
		63A2C477230B9A7300799CF3 /* APIClient.framework in Frameworks */ = {isa = PBXBuildFile; fileRef = 63A2C46E230B9A7300799CF3 /* APIClient.framework */; };
		63A2C47C230B9A7300799CF3 /* APIClientTests.swift in Sources */ = {isa = PBXBuildFile; fileRef = 63A2C47B230B9A7300799CF3 /* APIClientTests.swift */; };
		63A2C47E230B9A7300799CF3 /* APIClient.h in Headers */ = {isa = PBXBuildFile; fileRef = 63A2C470230B9A7300799CF3 /* APIClient.h */; settings = {ATTRIBUTES = (Public, ); }; };
		63A2C48D230B9AE000799CF3 /* Response.swift in Sources */ = {isa = PBXBuildFile; fileRef = 63A2C485230B9ADF00799CF3 /* Response.swift */; };
		63A2C48E230B9AE000799CF3 /* HTTPMethod.swift in Sources */ = {isa = PBXBuildFile; fileRef = 63A2C486230B9ADF00799CF3 /* HTTPMethod.swift */; };
		63A2C48F230B9AE000799CF3 /* String+fill.swift in Sources */ = {isa = PBXBuildFile; fileRef = 63A2C487230B9ADF00799CF3 /* String+fill.swift */; };
		63A2C490230B9AE000799CF3 /* UploadRequestable.swift in Sources */ = {isa = PBXBuildFile; fileRef = 63A2C488230B9ADF00799CF3 /* UploadRequestable.swift */; };
		63A2C491230B9AE000799CF3 /* APISession.swift in Sources */ = {isa = PBXBuildFile; fileRef = 63A2C489230B9ADF00799CF3 /* APISession.swift */; };
		63A2C492230B9AE000799CF3 /* APIClientError.swift in Sources */ = {isa = PBXBuildFile; fileRef = 63A2C48A230B9AE000799CF3 /* APIClientError.swift */; };
		63A2C493230B9AE000799CF3 /* Requestable.swift in Sources */ = {isa = PBXBuildFile; fileRef = 63A2C48B230B9AE000799CF3 /* Requestable.swift */; };
		63A2C494230B9AE000799CF3 /* Result.swift in Sources */ = {isa = PBXBuildFile; fileRef = 63A2C48C230B9AE000799CF3 /* Result.swift */; };
		63A2C496230B9AF200799CF3 /* API.strings in Resources */ = {isa = PBXBuildFile; fileRef = 63A2C495230B9AF200799CF3 /* API.strings */; };
		63A2C4A5230B9FE200799CF3 /* OpenDataFeed.framework in Frameworks */ = {isa = PBXBuildFile; fileRef = 63A2C49C230B9FE200799CF3 /* OpenDataFeed.framework */; };
		63A2C4AA230B9FE200799CF3 /* PlantLoaderTests.swift in Sources */ = {isa = PBXBuildFile; fileRef = 63A2C4A9230B9FE200799CF3 /* PlantLoaderTests.swift */; };
		63A2C4AC230B9FE200799CF3 /* OpenDataFeed.h in Headers */ = {isa = PBXBuildFile; fileRef = 63A2C49E230B9FE200799CF3 /* OpenDataFeed.h */; settings = {ATTRIBUTES = (Public, ); }; };
		63A2C4B4230BAB9C00799CF3 /* OpenDataLoader.swift in Sources */ = {isa = PBXBuildFile; fileRef = 63A2C4B3230BAB9C00799CF3 /* OpenDataLoader.swift */; };
		63A2C4B6230BABAC00799CF3 /* OpenDataRequestable.swift in Sources */ = {isa = PBXBuildFile; fileRef = 63A2C4B5230BABAC00799CF3 /* OpenDataRequestable.swift */; };
		63A2C4C5230BAF6400799CF3 /* APIClientError.swift in Sources */ = {isa = PBXBuildFile; fileRef = 63A2C48A230B9AE000799CF3 /* APIClientError.swift */; };
		63A2C4C6230BAF6400799CF3 /* APISession.swift in Sources */ = {isa = PBXBuildFile; fileRef = 63A2C489230B9ADF00799CF3 /* APISession.swift */; };
		63A2C4C7230BAF6400799CF3 /* HTTPMethod.swift in Sources */ = {isa = PBXBuildFile; fileRef = 63A2C486230B9ADF00799CF3 /* HTTPMethod.swift */; };
		63A2C4C8230BAF6400799CF3 /* Requestable.swift in Sources */ = {isa = PBXBuildFile; fileRef = 63A2C48B230B9AE000799CF3 /* Requestable.swift */; };
		63A2C4C9230BAF6400799CF3 /* Response.swift in Sources */ = {isa = PBXBuildFile; fileRef = 63A2C485230B9ADF00799CF3 /* Response.swift */; };
		63A2C4CA230BAF6400799CF3 /* Result.swift in Sources */ = {isa = PBXBuildFile; fileRef = 63A2C48C230B9AE000799CF3 /* Result.swift */; };
		63A2C4CB230BAF6400799CF3 /* String+fill.swift in Sources */ = {isa = PBXBuildFile; fileRef = 63A2C487230B9ADF00799CF3 /* String+fill.swift */; };
		63A2C4CC230BAF6400799CF3 /* UploadRequestable.swift in Sources */ = {isa = PBXBuildFile; fileRef = 63A2C488230B9ADF00799CF3 /* UploadRequestable.swift */; };
		63A2C4CD230BAF7200799CF3 /* API.strings in Resources */ = {isa = PBXBuildFile; fileRef = 63A2C495230B9AF200799CF3 /* API.strings */; };
		63A2C4CF230BC9D100799CF3 /* PlantLoader.swift in Sources */ = {isa = PBXBuildFile; fileRef = 63A2C4CE230BC9D100799CF3 /* PlantLoader.swift */; };
		63A2C4D1230BC9ED00799CF3 /* PlantRequest.swift in Sources */ = {isa = PBXBuildFile; fileRef = 63A2C4D0230BC9ED00799CF3 /* PlantRequest.swift */; };
		63A2C4D3230BC9F400799CF3 /* PlantValue.swift in Sources */ = {isa = PBXBuildFile; fileRef = 63A2C4D2230BC9F400799CF3 /* PlantValue.swift */; };
		63A2C4D6230BCA7000799CF3 /* PlantImageRequest.swift in Sources */ = {isa = PBXBuildFile; fileRef = 63A2C4D5230BCA7000799CF3 /* PlantImageRequest.swift */; };
		63A2C4D8230BCC0E00799CF3 /* Plant.swift in Sources */ = {isa = PBXBuildFile; fileRef = 63A2C4D7230BCC0E00799CF3 /* Plant.swift */; };
		CA46E55B94915BDB10476B30 /* Pods_OpenDataDemo.framework in Frameworks */ = {isa = PBXBuildFile; fileRef = 270B7F91228F1A7AD6DA6E80 /* Pods_OpenDataDemo.framework */; };
		DD1C840FB160EC52850D116F /* libPods-OpenDataDemoTests.a in Frameworks */ = {isa = PBXBuildFile; fileRef = 1CA95D650C6862114C762B84 /* libPods-OpenDataDemoTests.a */; };
/* End PBXBuildFile section */

/* Begin PBXContainerItemProxy section */
		6358C33A230B96720067AA87 /* PBXContainerItemProxy */ = {
			isa = PBXContainerItemProxy;
			containerPortal = 6358C31D230B96700067AA87 /* Project object */;
			proxyType = 1;
			remoteGlobalIDString = 6358C324230B96700067AA87;
			remoteInfo = OpenDataDemo;
		};
		63A2C4A6230B9FE200799CF3 /* PBXContainerItemProxy */ = {
			isa = PBXContainerItemProxy;
			containerPortal = 6358C31D230B96700067AA87 /* Project object */;
			proxyType = 1;
			remoteGlobalIDString = 63A2C49B230B9FE200799CF3;
			remoteInfo = OpenDataFeed;
		};
		63A2C4BB230BACB400799CF3 /* PBXContainerItemProxy */ = {
			isa = PBXContainerItemProxy;
			containerPortal = 6358C31D230B96700067AA87 /* Project object */;
			proxyType = 1;
			remoteGlobalIDString = 63A2C46D230B9A7300799CF3;
			remoteInfo = APIClient;
		};
		63A2C4BD230BACBE00799CF3 /* PBXContainerItemProxy */ = {
			isa = PBXContainerItemProxy;
			containerPortal = 6358C31D230B96700067AA87 /* Project object */;
			proxyType = 1;
			remoteGlobalIDString = 63A2C49B230B9FE200799CF3;
			remoteInfo = OpenDataFeed;
		};
		63A2C4BF230BAD1F00799CF3 /* PBXContainerItemProxy */ = {
			isa = PBXContainerItemProxy;
			containerPortal = 6358C31D230B96700067AA87 /* Project object */;
			proxyType = 1;
			remoteGlobalIDString = 63A2C46D230B9A7300799CF3;
			remoteInfo = APIClient;
		};
/* End PBXContainerItemProxy section */

/* Begin PBXFileReference section */
		1CA95D650C6862114C762B84 /* libPods-OpenDataDemoTests.a */ = {isa = PBXFileReference; explicitFileType = archive.ar; includeInIndex = 0; path = "libPods-OpenDataDemoTests.a"; sourceTree = BUILT_PRODUCTS_DIR; };
		1FAF129DD090BC6C95167918 /* Pods-OpenDataDemoTests.release.xcconfig */ = {isa = PBXFileReference; includeInIndex = 1; lastKnownFileType = text.xcconfig; name = "Pods-OpenDataDemoTests.release.xcconfig"; path = "Target Support Files/Pods-OpenDataDemoTests/Pods-OpenDataDemoTests.release.xcconfig"; sourceTree = "<group>"; };
		267DFBC2A52ED8FABA246EE8 /* Pods-OpenDataDemo.debug.xcconfig */ = {isa = PBXFileReference; includeInIndex = 1; lastKnownFileType = text.xcconfig; name = "Pods-OpenDataDemo.debug.xcconfig"; path = "Target Support Files/Pods-OpenDataDemo/Pods-OpenDataDemo.debug.xcconfig"; sourceTree = "<group>"; };
		270B7F91228F1A7AD6DA6E80 /* Pods_OpenDataDemo.framework */ = {isa = PBXFileReference; explicitFileType = wrapper.framework; includeInIndex = 0; path = Pods_OpenDataDemo.framework; sourceTree = BUILT_PRODUCTS_DIR; };
		6358C325230B96700067AA87 /* OpenDataDemo.app */ = {isa = PBXFileReference; explicitFileType = wrapper.application; includeInIndex = 0; path = OpenDataDemo.app; sourceTree = BUILT_PRODUCTS_DIR; };
		6358C328230B96700067AA87 /* AppDelegate.swift */ = {isa = PBXFileReference; lastKnownFileType = sourcecode.swift; path = AppDelegate.swift; sourceTree = "<group>"; };
		6358C32A230B96700067AA87 /* ViewController.swift */ = {isa = PBXFileReference; lastKnownFileType = sourcecode.swift; path = ViewController.swift; sourceTree = "<group>"; };
		6358C32D230B96700067AA87 /* Base */ = {isa = PBXFileReference; lastKnownFileType = file.storyboard; name = Base; path = Base.lproj/Main.storyboard; sourceTree = "<group>"; };
		6358C32F230B96720067AA87 /* Assets.xcassets */ = {isa = PBXFileReference; lastKnownFileType = folder.assetcatalog; path = Assets.xcassets; sourceTree = "<group>"; };
		6358C332230B96720067AA87 /* Base */ = {isa = PBXFileReference; lastKnownFileType = file.storyboard; name = Base; path = Base.lproj/LaunchScreen.storyboard; sourceTree = "<group>"; };
		6358C334230B96720067AA87 /* Info.plist */ = {isa = PBXFileReference; lastKnownFileType = text.plist.xml; path = Info.plist; sourceTree = "<group>"; };
		6358C339230B96720067AA87 /* OpenDataDemoTests.xctest */ = {isa = PBXFileReference; explicitFileType = wrapper.cfbundle; includeInIndex = 0; path = OpenDataDemoTests.xctest; sourceTree = BUILT_PRODUCTS_DIR; };
		6358C33D230B96720067AA87 /* OpenDataDemoTests.swift */ = {isa = PBXFileReference; lastKnownFileType = sourcecode.swift; path = OpenDataDemoTests.swift; sourceTree = "<group>"; };
		6358C33F230B96720067AA87 /* Info.plist */ = {isa = PBXFileReference; lastKnownFileType = text.plist.xml; path = Info.plist; sourceTree = "<group>"; };
		63A2C467230B997700799CF3 /* R.generated.swift */ = {isa = PBXFileReference; fileEncoding = 4; lastKnownFileType = sourcecode.swift; path = R.generated.swift; sourceTree = "<group>"; };
		63A2C46E230B9A7300799CF3 /* APIClient.framework */ = {isa = PBXFileReference; explicitFileType = wrapper.framework; includeInIndex = 0; path = APIClient.framework; sourceTree = BUILT_PRODUCTS_DIR; };
		63A2C470230B9A7300799CF3 /* APIClient.h */ = {isa = PBXFileReference; lastKnownFileType = sourcecode.c.h; path = APIClient.h; sourceTree = "<group>"; };
		63A2C471230B9A7300799CF3 /* Info.plist */ = {isa = PBXFileReference; lastKnownFileType = text.plist.xml; path = Info.plist; sourceTree = "<group>"; };
		63A2C476230B9A7300799CF3 /* APIClientTests.xctest */ = {isa = PBXFileReference; explicitFileType = wrapper.cfbundle; includeInIndex = 0; path = APIClientTests.xctest; sourceTree = BUILT_PRODUCTS_DIR; };
		63A2C47B230B9A7300799CF3 /* APIClientTests.swift */ = {isa = PBXFileReference; lastKnownFileType = sourcecode.swift; path = APIClientTests.swift; sourceTree = "<group>"; };
		63A2C47D230B9A7300799CF3 /* Info.plist */ = {isa = PBXFileReference; lastKnownFileType = text.plist.xml; path = Info.plist; sourceTree = "<group>"; };
		63A2C485230B9ADF00799CF3 /* Response.swift */ = {isa = PBXFileReference; fileEncoding = 4; lastKnownFileType = sourcecode.swift; path = Response.swift; sourceTree = "<group>"; };
		63A2C486230B9ADF00799CF3 /* HTTPMethod.swift */ = {isa = PBXFileReference; fileEncoding = 4; lastKnownFileType = sourcecode.swift; path = HTTPMethod.swift; sourceTree = "<group>"; };
		63A2C487230B9ADF00799CF3 /* String+fill.swift */ = {isa = PBXFileReference; fileEncoding = 4; lastKnownFileType = sourcecode.swift; path = "String+fill.swift"; sourceTree = "<group>"; };
		63A2C488230B9ADF00799CF3 /* UploadRequestable.swift */ = {isa = PBXFileReference; fileEncoding = 4; lastKnownFileType = sourcecode.swift; path = UploadRequestable.swift; sourceTree = "<group>"; };
		63A2C489230B9ADF00799CF3 /* APISession.swift */ = {isa = PBXFileReference; fileEncoding = 4; lastKnownFileType = sourcecode.swift; path = APISession.swift; sourceTree = "<group>"; };
		63A2C48A230B9AE000799CF3 /* APIClientError.swift */ = {isa = PBXFileReference; fileEncoding = 4; lastKnownFileType = sourcecode.swift; path = APIClientError.swift; sourceTree = "<group>"; };
		63A2C48B230B9AE000799CF3 /* Requestable.swift */ = {isa = PBXFileReference; fileEncoding = 4; lastKnownFileType = sourcecode.swift; path = Requestable.swift; sourceTree = "<group>"; };
		63A2C48C230B9AE000799CF3 /* Result.swift */ = {isa = PBXFileReference; fileEncoding = 4; lastKnownFileType = sourcecode.swift; path = Result.swift; sourceTree = "<group>"; };
		63A2C495230B9AF200799CF3 /* API.strings */ = {isa = PBXFileReference; fileEncoding = 4; lastKnownFileType = text.plist.strings; path = API.strings; sourceTree = "<group>"; };
		63A2C49C230B9FE200799CF3 /* OpenDataFeed.framework */ = {isa = PBXFileReference; explicitFileType = wrapper.framework; includeInIndex = 0; path = OpenDataFeed.framework; sourceTree = BUILT_PRODUCTS_DIR; };
		63A2C49E230B9FE200799CF3 /* OpenDataFeed.h */ = {isa = PBXFileReference; lastKnownFileType = sourcecode.c.h; path = OpenDataFeed.h; sourceTree = "<group>"; };
		63A2C49F230B9FE200799CF3 /* Info.plist */ = {isa = PBXFileReference; lastKnownFileType = text.plist.xml; path = Info.plist; sourceTree = "<group>"; };
		63A2C4A4230B9FE200799CF3 /* OpenDataFeedTests.xctest */ = {isa = PBXFileReference; explicitFileType = wrapper.cfbundle; includeInIndex = 0; path = OpenDataFeedTests.xctest; sourceTree = BUILT_PRODUCTS_DIR; };
		63A2C4A9230B9FE200799CF3 /* PlantLoaderTests.swift */ = {isa = PBXFileReference; lastKnownFileType = sourcecode.swift; path = PlantLoaderTests.swift; sourceTree = "<group>"; };
		63A2C4AB230B9FE200799CF3 /* Info.plist */ = {isa = PBXFileReference; lastKnownFileType = text.plist.xml; path = Info.plist; sourceTree = "<group>"; };
		63A2C4B3230BAB9C00799CF3 /* OpenDataLoader.swift */ = {isa = PBXFileReference; lastKnownFileType = sourcecode.swift; path = OpenDataLoader.swift; sourceTree = "<group>"; };
		63A2C4B5230BABAC00799CF3 /* OpenDataRequestable.swift */ = {isa = PBXFileReference; lastKnownFileType = sourcecode.swift; path = OpenDataRequestable.swift; sourceTree = "<group>"; };
		63A2C4CE230BC9D100799CF3 /* PlantLoader.swift */ = {isa = PBXFileReference; lastKnownFileType = sourcecode.swift; path = PlantLoader.swift; sourceTree = "<group>"; };
		63A2C4D0230BC9ED00799CF3 /* PlantRequest.swift */ = {isa = PBXFileReference; lastKnownFileType = sourcecode.swift; path = PlantRequest.swift; sourceTree = "<group>"; };
		63A2C4D2230BC9F400799CF3 /* PlantValue.swift */ = {isa = PBXFileReference; lastKnownFileType = sourcecode.swift; path = PlantValue.swift; sourceTree = "<group>"; };
		63A2C4D5230BCA7000799CF3 /* PlantImageRequest.swift */ = {isa = PBXFileReference; lastKnownFileType = sourcecode.swift; path = PlantImageRequest.swift; sourceTree = "<group>"; };
		63A2C4D7230BCC0E00799CF3 /* Plant.swift */ = {isa = PBXFileReference; lastKnownFileType = sourcecode.swift; path = Plant.swift; sourceTree = "<group>"; };
		82CBD908E50EBC2BC607D32F /* Pods-OpenDataDemoTests.debug.xcconfig */ = {isa = PBXFileReference; includeInIndex = 1; lastKnownFileType = text.xcconfig; name = "Pods-OpenDataDemoTests.debug.xcconfig"; path = "Target Support Files/Pods-OpenDataDemoTests/Pods-OpenDataDemoTests.debug.xcconfig"; sourceTree = "<group>"; };
		998A97AFBF357993C83946A3 /* Pods-OpenDataDemo.release.xcconfig */ = {isa = PBXFileReference; includeInIndex = 1; lastKnownFileType = text.xcconfig; name = "Pods-OpenDataDemo.release.xcconfig"; path = "Target Support Files/Pods-OpenDataDemo/Pods-OpenDataDemo.release.xcconfig"; sourceTree = "<group>"; };
/* End PBXFileReference section */

/* Begin PBXFrameworksBuildPhase section */
		6358C322230B96700067AA87 /* Frameworks */ = {
			isa = PBXFrameworksBuildPhase;
			buildActionMask = 2147483647;
			files = (
				CA46E55B94915BDB10476B30 /* Pods_OpenDataDemo.framework in Frameworks */,
			);
			runOnlyForDeploymentPostprocessing = 0;
		};
		6358C336230B96720067AA87 /* Frameworks */ = {
			isa = PBXFrameworksBuildPhase;
			buildActionMask = 2147483647;
			files = (
				DD1C840FB160EC52850D116F /* libPods-OpenDataDemoTests.a in Frameworks */,
			);
			runOnlyForDeploymentPostprocessing = 0;
		};
		63A2C46B230B9A7300799CF3 /* Frameworks */ = {
			isa = PBXFrameworksBuildPhase;
			buildActionMask = 2147483647;
			files = (
			);
			runOnlyForDeploymentPostprocessing = 0;
		};
		63A2C473230B9A7300799CF3 /* Frameworks */ = {
			isa = PBXFrameworksBuildPhase;
			buildActionMask = 2147483647;
			files = (
				63A2C477230B9A7300799CF3 /* APIClient.framework in Frameworks */,
			);
			runOnlyForDeploymentPostprocessing = 0;
		};
		63A2C499230B9FE200799CF3 /* Frameworks */ = {
			isa = PBXFrameworksBuildPhase;
			buildActionMask = 2147483647;
			files = (
			);
			runOnlyForDeploymentPostprocessing = 0;
		};
		63A2C4A1230B9FE200799CF3 /* Frameworks */ = {
			isa = PBXFrameworksBuildPhase;
			buildActionMask = 2147483647;
			files = (
				63A2C4A5230B9FE200799CF3 /* OpenDataFeed.framework in Frameworks */,
			);
			runOnlyForDeploymentPostprocessing = 0;
		};
/* End PBXFrameworksBuildPhase section */

/* Begin PBXGroup section */
		6358C31C230B96700067AA87 = {
			isa = PBXGroup;
			children = (
				63A2C467230B997700799CF3 /* R.generated.swift */,
				6358C327230B96700067AA87 /* OpenDataDemo */,
				6358C33C230B96720067AA87 /* OpenDataDemoTests */,
				63A2C49D230B9FE200799CF3 /* OpenDataFeed */,
				63A2C4A8230B9FE200799CF3 /* OpenDataFeedTests */,
				63A2C46F230B9A7300799CF3 /* APIClient */,
				63A2C47A230B9A7300799CF3 /* APIClientTests */,
				6358C326230B96700067AA87 /* Products */,
				CAFDB88F89506A834412FCF4 /* Pods */,
				ED1651B15AAD55AFB9B46613 /* Frameworks */,
			);
			sourceTree = "<group>";
		};
		6358C326230B96700067AA87 /* Products */ = {
			isa = PBXGroup;
			children = (
				6358C325230B96700067AA87 /* OpenDataDemo.app */,
				6358C339230B96720067AA87 /* OpenDataDemoTests.xctest */,
				63A2C46E230B9A7300799CF3 /* APIClient.framework */,
				63A2C476230B9A7300799CF3 /* APIClientTests.xctest */,
				63A2C49C230B9FE200799CF3 /* OpenDataFeed.framework */,
				63A2C4A4230B9FE200799CF3 /* OpenDataFeedTests.xctest */,
			);
			name = Products;
			sourceTree = "<group>";
		};
		6358C327230B96700067AA87 /* OpenDataDemo */ = {
			isa = PBXGroup;
			children = (
				6358C328230B96700067AA87 /* AppDelegate.swift */,
				6358C32A230B96700067AA87 /* ViewController.swift */,
				6358C32C230B96700067AA87 /* Main.storyboard */,
				6358C32F230B96720067AA87 /* Assets.xcassets */,
				6358C331230B96720067AA87 /* LaunchScreen.storyboard */,
				6358C334230B96720067AA87 /* Info.plist */,
			);
			path = OpenDataDemo;
			sourceTree = "<group>";
		};
		6358C33C230B96720067AA87 /* OpenDataDemoTests */ = {
			isa = PBXGroup;
			children = (
				6358C33D230B96720067AA87 /* OpenDataDemoTests.swift */,
				6358C33F230B96720067AA87 /* Info.plist */,
			);
			path = OpenDataDemoTests;
			sourceTree = "<group>";
		};
		63A2C46F230B9A7300799CF3 /* APIClient */ = {
			isa = PBXGroup;
			children = (
				63A2C470230B9A7300799CF3 /* APIClient.h */,
				63A2C471230B9A7300799CF3 /* Info.plist */,
				63A2C495230B9AF200799CF3 /* API.strings */,
				63A2C48A230B9AE000799CF3 /* APIClientError.swift */,
				63A2C489230B9ADF00799CF3 /* APISession.swift */,
				63A2C486230B9ADF00799CF3 /* HTTPMethod.swift */,
				63A2C48B230B9AE000799CF3 /* Requestable.swift */,
				63A2C485230B9ADF00799CF3 /* Response.swift */,
				63A2C48C230B9AE000799CF3 /* Result.swift */,
				63A2C487230B9ADF00799CF3 /* String+fill.swift */,
				63A2C488230B9ADF00799CF3 /* UploadRequestable.swift */,
			);
			path = APIClient;
			sourceTree = "<group>";
		};
		63A2C47A230B9A7300799CF3 /* APIClientTests */ = {
			isa = PBXGroup;
			children = (
				63A2C47B230B9A7300799CF3 /* APIClientTests.swift */,
				63A2C47D230B9A7300799CF3 /* Info.plist */,
			);
			path = APIClientTests;
			sourceTree = "<group>";
		};
		63A2C49D230B9FE200799CF3 /* OpenDataFeed */ = {
			isa = PBXGroup;
			children = (
				63A2C49E230B9FE200799CF3 /* OpenDataFeed.h */,
				63A2C49F230B9FE200799CF3 /* Info.plist */,
				63A2C4B3230BAB9C00799CF3 /* OpenDataLoader.swift */,
				63A2C4B5230BABAC00799CF3 /* OpenDataRequestable.swift */,
				63A2C4D4230BCA2400799CF3 /* Plant */,
			);
			path = OpenDataFeed;
			sourceTree = "<group>";
		};
		63A2C4A8230B9FE200799CF3 /* OpenDataFeedTests */ = {
			isa = PBXGroup;
			children = (
				63A2C4A9230B9FE200799CF3 /* PlantLoaderTests.swift */,
				63A2C4AB230B9FE200799CF3 /* Info.plist */,
			);
			path = OpenDataFeedTests;
			sourceTree = "<group>";
		};
		63A2C4D4230BCA2400799CF3 /* Plant */ = {
			isa = PBXGroup;
			children = (
				63A2C4D7230BCC0E00799CF3 /* Plant.swift */,
				63A2C4CE230BC9D100799CF3 /* PlantLoader.swift */,
				63A2C4D0230BC9ED00799CF3 /* PlantRequest.swift */,
				63A2C4D2230BC9F400799CF3 /* PlantValue.swift */,
				63A2C4D5230BCA7000799CF3 /* PlantImageRequest.swift */,
			);
			path = Plant;
			sourceTree = "<group>";
		};
		CAFDB88F89506A834412FCF4 /* Pods */ = {
			isa = PBXGroup;
			children = (
				267DFBC2A52ED8FABA246EE8 /* Pods-OpenDataDemo.debug.xcconfig */,
				998A97AFBF357993C83946A3 /* Pods-OpenDataDemo.release.xcconfig */,
				82CBD908E50EBC2BC607D32F /* Pods-OpenDataDemoTests.debug.xcconfig */,
				1FAF129DD090BC6C95167918 /* Pods-OpenDataDemoTests.release.xcconfig */,
			);
			path = Pods;
			sourceTree = "<group>";
		};
		ED1651B15AAD55AFB9B46613 /* Frameworks */ = {
			isa = PBXGroup;
			children = (
				270B7F91228F1A7AD6DA6E80 /* Pods_OpenDataDemo.framework */,
				1CA95D650C6862114C762B84 /* libPods-OpenDataDemoTests.a */,
			);
			name = Frameworks;
			sourceTree = "<group>";
		};
/* End PBXGroup section */

/* Begin PBXHeadersBuildPhase section */
		63A2C469230B9A7300799CF3 /* Headers */ = {
			isa = PBXHeadersBuildPhase;
			buildActionMask = 2147483647;
			files = (
				63A2C47E230B9A7300799CF3 /* APIClient.h in Headers */,
			);
			runOnlyForDeploymentPostprocessing = 0;
		};
		63A2C497230B9FE200799CF3 /* Headers */ = {
			isa = PBXHeadersBuildPhase;
			buildActionMask = 2147483647;
			files = (
				63A2C4AC230B9FE200799CF3 /* OpenDataFeed.h in Headers */,
			);
			runOnlyForDeploymentPostprocessing = 0;
		};
/* End PBXHeadersBuildPhase section */

/* Begin PBXNativeTarget section */
		6358C324230B96700067AA87 /* OpenDataDemo */ = {
			isa = PBXNativeTarget;
			buildConfigurationList = 6358C342230B96720067AA87 /* Build configuration list for PBXNativeTarget "OpenDataDemo" */;
			buildPhases = (
				43BE9CDD4744194CBBE2B47C /* [CP] Check Pods Manifest.lock */,
				63A2C466230B974200799CF3 /* ShellScript */,
				6358C321230B96700067AA87 /* Sources */,
				6358C322230B96700067AA87 /* Frameworks */,
				6358C323230B96700067AA87 /* Resources */,
				E638740FCD42D0CD8F90D876 /* [CP] Embed Pods Frameworks */,
			);
			buildRules = (
			);
			dependencies = (
				63A2C4BE230BACBE00799CF3 /* PBXTargetDependency */,
				63A2C4BC230BACB400799CF3 /* PBXTargetDependency */,
			);
			name = OpenDataDemo;
			productName = OpenDataDemo;
			productReference = 6358C325230B96700067AA87 /* OpenDataDemo.app */;
			productType = "com.apple.product-type.application";
		};
		6358C338230B96720067AA87 /* OpenDataDemoTests */ = {
			isa = PBXNativeTarget;
			buildConfigurationList = 6358C345230B96720067AA87 /* Build configuration list for PBXNativeTarget "OpenDataDemoTests" */;
			buildPhases = (
				6636F8BB79B98A50FFC9358E /* [CP] Check Pods Manifest.lock */,
				6358C335230B96720067AA87 /* Sources */,
				6358C336230B96720067AA87 /* Frameworks */,
				6358C337230B96720067AA87 /* Resources */,
			);
			buildRules = (
			);
			dependencies = (
				6358C33B230B96720067AA87 /* PBXTargetDependency */,
			);
			name = OpenDataDemoTests;
			productName = OpenDataDemoTests;
			productReference = 6358C339230B96720067AA87 /* OpenDataDemoTests.xctest */;
			productType = "com.apple.product-type.bundle.unit-test";
		};
		63A2C46D230B9A7300799CF3 /* APIClient */ = {
			isa = PBXNativeTarget;
			buildConfigurationList = 63A2C47F230B9A7300799CF3 /* Build configuration list for PBXNativeTarget "APIClient" */;
			buildPhases = (
				63A2C469230B9A7300799CF3 /* Headers */,
				63A2C46A230B9A7300799CF3 /* Sources */,
				63A2C46B230B9A7300799CF3 /* Frameworks */,
				63A2C46C230B9A7300799CF3 /* Resources */,
			);
			buildRules = (
			);
			dependencies = (
			);
			name = APIClient;
			productName = APIClient;
			productReference = 63A2C46E230B9A7300799CF3 /* APIClient.framework */;
			productType = "com.apple.product-type.framework";
		};
		63A2C475230B9A7300799CF3 /* APIClientTests */ = {
			isa = PBXNativeTarget;
			buildConfigurationList = 63A2C482230B9A7300799CF3 /* Build configuration list for PBXNativeTarget "APIClientTests" */;
			buildPhases = (
				63A2C472230B9A7300799CF3 /* Sources */,
				63A2C473230B9A7300799CF3 /* Frameworks */,
				63A2C474230B9A7300799CF3 /* Resources */,
			);
			buildRules = (
			);
			dependencies = (
				63A2C4C0230BAD1F00799CF3 /* PBXTargetDependency */,
			);
			name = APIClientTests;
			productName = APIClientTests;
			productReference = 63A2C476230B9A7300799CF3 /* APIClientTests.xctest */;
			productType = "com.apple.product-type.bundle.unit-test";
		};
		63A2C49B230B9FE200799CF3 /* OpenDataFeed */ = {
			isa = PBXNativeTarget;
			buildConfigurationList = 63A2C4AD230B9FE200799CF3 /* Build configuration list for PBXNativeTarget "OpenDataFeed" */;
			buildPhases = (
				63A2C497230B9FE200799CF3 /* Headers */,
				63A2C498230B9FE200799CF3 /* Sources */,
				63A2C499230B9FE200799CF3 /* Frameworks */,
				63A2C49A230B9FE200799CF3 /* Resources */,
			);
			buildRules = (
			);
			dependencies = (
			);
			name = OpenDataFeed;
			productName = OpenDataFeed;
			productReference = 63A2C49C230B9FE200799CF3 /* OpenDataFeed.framework */;
			productType = "com.apple.product-type.framework";
		};
		63A2C4A3230B9FE200799CF3 /* OpenDataFeedTests */ = {
			isa = PBXNativeTarget;
			buildConfigurationList = 63A2C4B0230B9FE200799CF3 /* Build configuration list for PBXNativeTarget "OpenDataFeedTests" */;
			buildPhases = (
				63A2C4A0230B9FE200799CF3 /* Sources */,
				63A2C4A1230B9FE200799CF3 /* Frameworks */,
				63A2C4A2230B9FE200799CF3 /* Resources */,
			);
			buildRules = (
			);
			dependencies = (
				63A2C4A7230B9FE200799CF3 /* PBXTargetDependency */,
			);
			name = OpenDataFeedTests;
			productName = OpenDataFeedTests;
			productReference = 63A2C4A4230B9FE200799CF3 /* OpenDataFeedTests.xctest */;
			productType = "com.apple.product-type.bundle.unit-test";
		};
/* End PBXNativeTarget section */

/* Begin PBXProject section */
		6358C31D230B96700067AA87 /* Project object */ = {
			isa = PBXProject;
			attributes = {
				LastSwiftUpdateCheck = 1030;
				LastUpgradeCheck = 1030;
				ORGANIZATIONNAME = "Paul Hung-Yi Lee";
				TargetAttributes = {
					6358C324230B96700067AA87 = {
						CreatedOnToolsVersion = 10.3;
					};
					6358C338230B96720067AA87 = {
						CreatedOnToolsVersion = 10.3;
						TestTargetID = 6358C324230B96700067AA87;
					};
					63A2C46D230B9A7300799CF3 = {
						CreatedOnToolsVersion = 10.3;
						LastSwiftMigration = 1030;
					};
					63A2C475230B9A7300799CF3 = {
						CreatedOnToolsVersion = 10.3;
					};
					63A2C49B230B9FE200799CF3 = {
						CreatedOnToolsVersion = 10.3;
						LastSwiftMigration = 1030;
					};
					63A2C4A3230B9FE200799CF3 = {
						CreatedOnToolsVersion = 10.3;
					};
				};
			};
			buildConfigurationList = 6358C320230B96700067AA87 /* Build configuration list for PBXProject "OpenDataDemo" */;
			compatibilityVersion = "Xcode 9.3";
			developmentRegion = en;
			hasScannedForEncodings = 0;
			knownRegions = (
				en,
				Base,
			);
			mainGroup = 6358C31C230B96700067AA87;
			productRefGroup = 6358C326230B96700067AA87 /* Products */;
			projectDirPath = "";
			projectRoot = "";
			targets = (
				6358C324230B96700067AA87 /* OpenDataDemo */,
				6358C338230B96720067AA87 /* OpenDataDemoTests */,
				63A2C46D230B9A7300799CF3 /* APIClient */,
				63A2C475230B9A7300799CF3 /* APIClientTests */,
				63A2C49B230B9FE200799CF3 /* OpenDataFeed */,
				63A2C4A3230B9FE200799CF3 /* OpenDataFeedTests */,
			);
		};
/* End PBXProject section */

/* Begin PBXResourcesBuildPhase section */
		6358C323230B96700067AA87 /* Resources */ = {
			isa = PBXResourcesBuildPhase;
			buildActionMask = 2147483647;
			files = (
				6358C333230B96720067AA87 /* LaunchScreen.storyboard in Resources */,
				6358C330230B96720067AA87 /* Assets.xcassets in Resources */,
				6358C32E230B96700067AA87 /* Main.storyboard in Resources */,
			);
			runOnlyForDeploymentPostprocessing = 0;
		};
		6358C337230B96720067AA87 /* Resources */ = {
			isa = PBXResourcesBuildPhase;
			buildActionMask = 2147483647;
			files = (
			);
			runOnlyForDeploymentPostprocessing = 0;
		};
		63A2C46C230B9A7300799CF3 /* Resources */ = {
			isa = PBXResourcesBuildPhase;
			buildActionMask = 2147483647;
			files = (
				63A2C496230B9AF200799CF3 /* API.strings in Resources */,
			);
			runOnlyForDeploymentPostprocessing = 0;
		};
		63A2C474230B9A7300799CF3 /* Resources */ = {
			isa = PBXResourcesBuildPhase;
			buildActionMask = 2147483647;
			files = (
			);
			runOnlyForDeploymentPostprocessing = 0;
		};
		63A2C49A230B9FE200799CF3 /* Resources */ = {
			isa = PBXResourcesBuildPhase;
			buildActionMask = 2147483647;
			files = (
				63A2C4CD230BAF7200799CF3 /* API.strings in Resources */,
			);
			runOnlyForDeploymentPostprocessing = 0;
		};
		63A2C4A2230B9FE200799CF3 /* Resources */ = {
			isa = PBXResourcesBuildPhase;
			buildActionMask = 2147483647;
			files = (
			);
			runOnlyForDeploymentPostprocessing = 0;
		};
/* End PBXResourcesBuildPhase section */

/* Begin PBXShellScriptBuildPhase section */
		43BE9CDD4744194CBBE2B47C /* [CP] Check Pods Manifest.lock */ = {
			isa = PBXShellScriptBuildPhase;
			buildActionMask = 2147483647;
			files = (
			);
			inputFileListPaths = (
			);
			inputPaths = (
				"${PODS_PODFILE_DIR_PATH}/Podfile.lock",
				"${PODS_ROOT}/Manifest.lock",
			);
			name = "[CP] Check Pods Manifest.lock";
			outputFileListPaths = (
			);
			outputPaths = (
				"$(DERIVED_FILE_DIR)/Pods-OpenDataDemo-checkManifestLockResult.txt",
			);
			runOnlyForDeploymentPostprocessing = 0;
			shellPath = /bin/sh;
			shellScript = "diff \"${PODS_PODFILE_DIR_PATH}/Podfile.lock\" \"${PODS_ROOT}/Manifest.lock\" > /dev/null\nif [ $? != 0 ] ; then\n    # print error to STDERR\n    echo \"error: The sandbox is not in sync with the Podfile.lock. Run 'pod install' or update your CocoaPods installation.\" >&2\n    exit 1\nfi\n# This output is used by Xcode 'outputs' to avoid re-running this script phase.\necho \"SUCCESS\" > \"${SCRIPT_OUTPUT_FILE_0}\"\n";
			showEnvVarsInLog = 0;
		};
		63A2C466230B974200799CF3 /* ShellScript */ = {
			isa = PBXShellScriptBuildPhase;
			buildActionMask = 2147483647;
			files = (
			);
			inputFileListPaths = (
			);
			inputPaths = (
				"$TEMP_DIR/rswift-lastrun",
			);
			outputFileListPaths = (
			);
			outputPaths = (
				$SRCROOT/R.generated.swift,
			);
			runOnlyForDeploymentPostprocessing = 0;
			shellPath = /bin/sh;
			shellScript = "\"$PODS_ROOT/R.swift/rswift\" generate \"$SRCROOT/R.generated.swift\"\n";
		};
		6636F8BB79B98A50FFC9358E /* [CP] Check Pods Manifest.lock */ = {
			isa = PBXShellScriptBuildPhase;
			buildActionMask = 2147483647;
			files = (
			);
			inputFileListPaths = (
			);
			inputPaths = (
				"${PODS_PODFILE_DIR_PATH}/Podfile.lock",
				"${PODS_ROOT}/Manifest.lock",
			);
			name = "[CP] Check Pods Manifest.lock";
			outputFileListPaths = (
			);
			outputPaths = (
				"$(DERIVED_FILE_DIR)/Pods-OpenDataDemoTests-checkManifestLockResult.txt",
			);
			runOnlyForDeploymentPostprocessing = 0;
			shellPath = /bin/sh;
			shellScript = "diff \"${PODS_PODFILE_DIR_PATH}/Podfile.lock\" \"${PODS_ROOT}/Manifest.lock\" > /dev/null\nif [ $? != 0 ] ; then\n    # print error to STDERR\n    echo \"error: The sandbox is not in sync with the Podfile.lock. Run 'pod install' or update your CocoaPods installation.\" >&2\n    exit 1\nfi\n# This output is used by Xcode 'outputs' to avoid re-running this script phase.\necho \"SUCCESS\" > \"${SCRIPT_OUTPUT_FILE_0}\"\n";
			showEnvVarsInLog = 0;
		};
		E638740FCD42D0CD8F90D876 /* [CP] Embed Pods Frameworks */ = {
			isa = PBXShellScriptBuildPhase;
			buildActionMask = 2147483647;
			files = (
			);
			inputFileListPaths = (
				"${PODS_ROOT}/Target Support Files/Pods-OpenDataDemo/Pods-OpenDataDemo-frameworks-${CONFIGURATION}-input-files.xcfilelist",
			);
			name = "[CP] Embed Pods Frameworks";
			outputFileListPaths = (
				"${PODS_ROOT}/Target Support Files/Pods-OpenDataDemo/Pods-OpenDataDemo-frameworks-${CONFIGURATION}-output-files.xcfilelist",
			);
			runOnlyForDeploymentPostprocessing = 0;
			shellPath = /bin/sh;
			shellScript = "\"${PODS_ROOT}/Target Support Files/Pods-OpenDataDemo/Pods-OpenDataDemo-frameworks.sh\"\n";
			showEnvVarsInLog = 0;
		};
/* End PBXShellScriptBuildPhase section */

/* Begin PBXSourcesBuildPhase section */
		6358C321230B96700067AA87 /* Sources */ = {
			isa = PBXSourcesBuildPhase;
			buildActionMask = 2147483647;
			files = (
				6358C32B230B96700067AA87 /* ViewController.swift in Sources */,
				6358C329230B96700067AA87 /* AppDelegate.swift in Sources */,
				63A2C468230B997700799CF3 /* R.generated.swift in Sources */,
			);
			runOnlyForDeploymentPostprocessing = 0;
		};
		6358C335230B96720067AA87 /* Sources */ = {
			isa = PBXSourcesBuildPhase;
			buildActionMask = 2147483647;
			files = (
				6358C33E230B96720067AA87 /* OpenDataDemoTests.swift in Sources */,
			);
			runOnlyForDeploymentPostprocessing = 0;
		};
		63A2C46A230B9A7300799CF3 /* Sources */ = {
			isa = PBXSourcesBuildPhase;
			buildActionMask = 2147483647;
			files = (
				63A2C491230B9AE000799CF3 /* APISession.swift in Sources */,
				63A2C493230B9AE000799CF3 /* Requestable.swift in Sources */,
				63A2C490230B9AE000799CF3 /* UploadRequestable.swift in Sources */,
				63A2C48F230B9AE000799CF3 /* String+fill.swift in Sources */,
				63A2C48E230B9AE000799CF3 /* HTTPMethod.swift in Sources */,
				63A2C492230B9AE000799CF3 /* APIClientError.swift in Sources */,
				63A2C494230B9AE000799CF3 /* Result.swift in Sources */,
				63A2C48D230B9AE000799CF3 /* Response.swift in Sources */,
			);
			runOnlyForDeploymentPostprocessing = 0;
		};
		63A2C472230B9A7300799CF3 /* Sources */ = {
			isa = PBXSourcesBuildPhase;
			buildActionMask = 2147483647;
			files = (
				63A2C47C230B9A7300799CF3 /* APIClientTests.swift in Sources */,
			);
			runOnlyForDeploymentPostprocessing = 0;
		};
		63A2C498230B9FE200799CF3 /* Sources */ = {
			isa = PBXSourcesBuildPhase;
			buildActionMask = 2147483647;
			files = (
				63A2C4B4230BAB9C00799CF3 /* OpenDataLoader.swift in Sources */,
				63A2C4D1230BC9ED00799CF3 /* PlantRequest.swift in Sources */,
				63A2C4C6230BAF6400799CF3 /* APISession.swift in Sources */,
				63A2C4D6230BCA7000799CF3 /* PlantImageRequest.swift in Sources */,
				63A2C4C5230BAF6400799CF3 /* APIClientError.swift in Sources */,
				63A2C4C8230BAF6400799CF3 /* Requestable.swift in Sources */,
				63A2C4D3230BC9F400799CF3 /* PlantValue.swift in Sources */,
				63A2C4D8230BCC0E00799CF3 /* Plant.swift in Sources */,
				63A2C4C7230BAF6400799CF3 /* HTTPMethod.swift in Sources */,
				63A2C4B6230BABAC00799CF3 /* OpenDataRequestable.swift in Sources */,
				63A2C4CC230BAF6400799CF3 /* UploadRequestable.swift in Sources */,
				63A2C4CB230BAF6400799CF3 /* String+fill.swift in Sources */,
				63A2C4CA230BAF6400799CF3 /* Result.swift in Sources */,
				63A2C4C9230BAF6400799CF3 /* Response.swift in Sources */,
				63A2C4CF230BC9D100799CF3 /* PlantLoader.swift in Sources */,
			);
			runOnlyForDeploymentPostprocessing = 0;
		};
		63A2C4A0230B9FE200799CF3 /* Sources */ = {
			isa = PBXSourcesBuildPhase;
			buildActionMask = 2147483647;
			files = (
				63A2C4AA230B9FE200799CF3 /* PlantLoaderTests.swift in Sources */,
			);
			runOnlyForDeploymentPostprocessing = 0;
		};
/* End PBXSourcesBuildPhase section */

/* Begin PBXTargetDependency section */
		6358C33B230B96720067AA87 /* PBXTargetDependency */ = {
			isa = PBXTargetDependency;
			target = 6358C324230B96700067AA87 /* OpenDataDemo */;
			targetProxy = 6358C33A230B96720067AA87 /* PBXContainerItemProxy */;
		};
		63A2C4A7230B9FE200799CF3 /* PBXTargetDependency */ = {
			isa = PBXTargetDependency;
			target = 63A2C49B230B9FE200799CF3 /* OpenDataFeed */;
			targetProxy = 63A2C4A6230B9FE200799CF3 /* PBXContainerItemProxy */;
		};
		63A2C4BC230BACB400799CF3 /* PBXTargetDependency */ = {
			isa = PBXTargetDependency;
			target = 63A2C46D230B9A7300799CF3 /* APIClient */;
			targetProxy = 63A2C4BB230BACB400799CF3 /* PBXContainerItemProxy */;
		};
		63A2C4BE230BACBE00799CF3 /* PBXTargetDependency */ = {
			isa = PBXTargetDependency;
			target = 63A2C49B230B9FE200799CF3 /* OpenDataFeed */;
			targetProxy = 63A2C4BD230BACBE00799CF3 /* PBXContainerItemProxy */;
		};
		63A2C4C0230BAD1F00799CF3 /* PBXTargetDependency */ = {
			isa = PBXTargetDependency;
			target = 63A2C46D230B9A7300799CF3 /* APIClient */;
			targetProxy = 63A2C4BF230BAD1F00799CF3 /* PBXContainerItemProxy */;
		};
/* End PBXTargetDependency section */

/* Begin PBXVariantGroup section */
		6358C32C230B96700067AA87 /* Main.storyboard */ = {
			isa = PBXVariantGroup;
			children = (
				6358C32D230B96700067AA87 /* Base */,
			);
			name = Main.storyboard;
			sourceTree = "<group>";
		};
		6358C331230B96720067AA87 /* LaunchScreen.storyboard */ = {
			isa = PBXVariantGroup;
			children = (
				6358C332230B96720067AA87 /* Base */,
			);
			name = LaunchScreen.storyboard;
			sourceTree = "<group>";
		};
/* End PBXVariantGroup section */

/* Begin XCBuildConfiguration section */
		6358C340230B96720067AA87 /* Debug */ = {
			isa = XCBuildConfiguration;
			buildSettings = {
				ALWAYS_SEARCH_USER_PATHS = NO;
				CLANG_ANALYZER_NONNULL = YES;
				CLANG_ANALYZER_NUMBER_OBJECT_CONVERSION = YES_AGGRESSIVE;
				CLANG_CXX_LANGUAGE_STANDARD = "gnu++14";
				CLANG_CXX_LIBRARY = "libc++";
				CLANG_ENABLE_MODULES = YES;
				CLANG_ENABLE_OBJC_ARC = YES;
				CLANG_ENABLE_OBJC_WEAK = YES;
				CLANG_WARN_BLOCK_CAPTURE_AUTORELEASING = YES;
				CLANG_WARN_BOOL_CONVERSION = YES;
				CLANG_WARN_COMMA = YES;
				CLANG_WARN_CONSTANT_CONVERSION = YES;
				CLANG_WARN_DEPRECATED_OBJC_IMPLEMENTATIONS = YES;
				CLANG_WARN_DIRECT_OBJC_ISA_USAGE = YES_ERROR;
				CLANG_WARN_DOCUMENTATION_COMMENTS = YES;
				CLANG_WARN_EMPTY_BODY = YES;
				CLANG_WARN_ENUM_CONVERSION = YES;
				CLANG_WARN_INFINITE_RECURSION = YES;
				CLANG_WARN_INT_CONVERSION = YES;
				CLANG_WARN_NON_LITERAL_NULL_CONVERSION = YES;
				CLANG_WARN_OBJC_IMPLICIT_RETAIN_SELF = YES;
				CLANG_WARN_OBJC_LITERAL_CONVERSION = YES;
				CLANG_WARN_OBJC_ROOT_CLASS = YES_ERROR;
				CLANG_WARN_RANGE_LOOP_ANALYSIS = YES;
				CLANG_WARN_STRICT_PROTOTYPES = YES;
				CLANG_WARN_SUSPICIOUS_MOVE = YES;
				CLANG_WARN_UNGUARDED_AVAILABILITY = YES_AGGRESSIVE;
				CLANG_WARN_UNREACHABLE_CODE = YES;
				CLANG_WARN__DUPLICATE_METHOD_MATCH = YES;
				CODE_SIGN_IDENTITY = "iPhone Developer";
				COPY_PHASE_STRIP = NO;
				DEBUG_INFORMATION_FORMAT = dwarf;
				ENABLE_STRICT_OBJC_MSGSEND = YES;
				ENABLE_TESTABILITY = YES;
				GCC_C_LANGUAGE_STANDARD = gnu11;
				GCC_DYNAMIC_NO_PIC = NO;
				GCC_NO_COMMON_BLOCKS = YES;
				GCC_OPTIMIZATION_LEVEL = 0;
				GCC_PREPROCESSOR_DEFINITIONS = (
					"DEBUG=1",
					"$(inherited)",
				);
				GCC_WARN_64_TO_32_BIT_CONVERSION = YES;
				GCC_WARN_ABOUT_RETURN_TYPE = YES_ERROR;
				GCC_WARN_UNDECLARED_SELECTOR = YES;
				GCC_WARN_UNINITIALIZED_AUTOS = YES_AGGRESSIVE;
				GCC_WARN_UNUSED_FUNCTION = YES;
				GCC_WARN_UNUSED_VARIABLE = YES;
				IPHONEOS_DEPLOYMENT_TARGET = 12.4;
				MTL_ENABLE_DEBUG_INFO = INCLUDE_SOURCE;
				MTL_FAST_MATH = YES;
				ONLY_ACTIVE_ARCH = YES;
				SDKROOT = iphoneos;
				SWIFT_ACTIVE_COMPILATION_CONDITIONS = DEBUG;
				SWIFT_OPTIMIZATION_LEVEL = "-Onone";
			};
			name = Debug;
		};
		6358C341230B96720067AA87 /* Release */ = {
			isa = XCBuildConfiguration;
			buildSettings = {
				ALWAYS_SEARCH_USER_PATHS = NO;
				CLANG_ANALYZER_NONNULL = YES;
				CLANG_ANALYZER_NUMBER_OBJECT_CONVERSION = YES_AGGRESSIVE;
				CLANG_CXX_LANGUAGE_STANDARD = "gnu++14";
				CLANG_CXX_LIBRARY = "libc++";
				CLANG_ENABLE_MODULES = YES;
				CLANG_ENABLE_OBJC_ARC = YES;
				CLANG_ENABLE_OBJC_WEAK = YES;
				CLANG_WARN_BLOCK_CAPTURE_AUTORELEASING = YES;
				CLANG_WARN_BOOL_CONVERSION = YES;
				CLANG_WARN_COMMA = YES;
				CLANG_WARN_CONSTANT_CONVERSION = YES;
				CLANG_WARN_DEPRECATED_OBJC_IMPLEMENTATIONS = YES;
				CLANG_WARN_DIRECT_OBJC_ISA_USAGE = YES_ERROR;
				CLANG_WARN_DOCUMENTATION_COMMENTS = YES;
				CLANG_WARN_EMPTY_BODY = YES;
				CLANG_WARN_ENUM_CONVERSION = YES;
				CLANG_WARN_INFINITE_RECURSION = YES;
				CLANG_WARN_INT_CONVERSION = YES;
				CLANG_WARN_NON_LITERAL_NULL_CONVERSION = YES;
				CLANG_WARN_OBJC_IMPLICIT_RETAIN_SELF = YES;
				CLANG_WARN_OBJC_LITERAL_CONVERSION = YES;
				CLANG_WARN_OBJC_ROOT_CLASS = YES_ERROR;
				CLANG_WARN_RANGE_LOOP_ANALYSIS = YES;
				CLANG_WARN_STRICT_PROTOTYPES = YES;
				CLANG_WARN_SUSPICIOUS_MOVE = YES;
				CLANG_WARN_UNGUARDED_AVAILABILITY = YES_AGGRESSIVE;
				CLANG_WARN_UNREACHABLE_CODE = YES;
				CLANG_WARN__DUPLICATE_METHOD_MATCH = YES;
				CODE_SIGN_IDENTITY = "iPhone Developer";
				COPY_PHASE_STRIP = NO;
				DEBUG_INFORMATION_FORMAT = "dwarf-with-dsym";
				ENABLE_NS_ASSERTIONS = NO;
				ENABLE_STRICT_OBJC_MSGSEND = YES;
				GCC_C_LANGUAGE_STANDARD = gnu11;
				GCC_NO_COMMON_BLOCKS = YES;
				GCC_WARN_64_TO_32_BIT_CONVERSION = YES;
				GCC_WARN_ABOUT_RETURN_TYPE = YES_ERROR;
				GCC_WARN_UNDECLARED_SELECTOR = YES;
				GCC_WARN_UNINITIALIZED_AUTOS = YES_AGGRESSIVE;
				GCC_WARN_UNUSED_FUNCTION = YES;
				GCC_WARN_UNUSED_VARIABLE = YES;
				IPHONEOS_DEPLOYMENT_TARGET = 12.4;
				MTL_ENABLE_DEBUG_INFO = NO;
				MTL_FAST_MATH = YES;
				SDKROOT = iphoneos;
				SWIFT_COMPILATION_MODE = wholemodule;
				SWIFT_OPTIMIZATION_LEVEL = "-O";
				VALIDATE_PRODUCT = YES;
			};
			name = Release;
		};
		6358C343230B96720067AA87 /* Debug */ = {
			isa = XCBuildConfiguration;
			baseConfigurationReference = 267DFBC2A52ED8FABA246EE8 /* Pods-OpenDataDemo.debug.xcconfig */;
			buildSettings = {
				ASSETCATALOG_COMPILER_APPICON_NAME = AppIcon;
				CODE_SIGN_STYLE = Automatic;
				DEVELOPMENT_TEAM = 7S9CF6BJNF;
				INFOPLIST_FILE = OpenDataDemo/Info.plist;
				IPHONEOS_DEPLOYMENT_TARGET = 12.0;
				LD_RUNPATH_SEARCH_PATHS = (
					"$(inherited)",
					"@executable_path/Frameworks",
				);
				PRODUCT_BUNDLE_IDENTIFIER = DevelopRhythm.OpenDataDemo;
				PRODUCT_NAME = "$(TARGET_NAME)";
				SWIFT_VERSION = 5.0;
				TARGETED_DEVICE_FAMILY = "1,2";
			};
			name = Debug;
		};
		6358C344230B96720067AA87 /* Release */ = {
			isa = XCBuildConfiguration;
			baseConfigurationReference = 998A97AFBF357993C83946A3 /* Pods-OpenDataDemo.release.xcconfig */;
			buildSettings = {
				ASSETCATALOG_COMPILER_APPICON_NAME = AppIcon;
				CODE_SIGN_STYLE = Automatic;
				DEVELOPMENT_TEAM = 7S9CF6BJNF;
				INFOPLIST_FILE = OpenDataDemo/Info.plist;
				IPHONEOS_DEPLOYMENT_TARGET = 12.0;
				LD_RUNPATH_SEARCH_PATHS = (
					"$(inherited)",
					"@executable_path/Frameworks",
				);
				PRODUCT_BUNDLE_IDENTIFIER = DevelopRhythm.OpenDataDemo;
				PRODUCT_NAME = "$(TARGET_NAME)";
				SWIFT_VERSION = 5.0;
				TARGETED_DEVICE_FAMILY = "1,2";
			};
			name = Release;
		};
		6358C346230B96720067AA87 /* Debug */ = {
			isa = XCBuildConfiguration;
			baseConfigurationReference = 82CBD908E50EBC2BC607D32F /* Pods-OpenDataDemoTests.debug.xcconfig */;
			buildSettings = {
				ALWAYS_EMBED_SWIFT_STANDARD_LIBRARIES = YES;
				BUNDLE_LOADER = "$(TEST_HOST)";
				CODE_SIGN_STYLE = Automatic;
				DEVELOPMENT_TEAM = 7S9CF6BJNF;
				INFOPLIST_FILE = OpenDataDemoTests/Info.plist;
				LD_RUNPATH_SEARCH_PATHS = (
					"$(inherited)",
					"@executable_path/Frameworks",
					"@loader_path/Frameworks",
				);
				PRODUCT_BUNDLE_IDENTIFIER = DevelopRhythm.OpenDataDemoTests;
				PRODUCT_NAME = "$(TARGET_NAME)";
				SWIFT_VERSION = 5.0;
				TARGETED_DEVICE_FAMILY = "1,2";
				TEST_HOST = "$(BUILT_PRODUCTS_DIR)/OpenDataDemo.app/OpenDataDemo";
			};
			name = Debug;
		};
		6358C347230B96720067AA87 /* Release */ = {
			isa = XCBuildConfiguration;
			baseConfigurationReference = 1FAF129DD090BC6C95167918 /* Pods-OpenDataDemoTests.release.xcconfig */;
			buildSettings = {
				ALWAYS_EMBED_SWIFT_STANDARD_LIBRARIES = YES;
				BUNDLE_LOADER = "$(TEST_HOST)";
				CODE_SIGN_STYLE = Automatic;
				DEVELOPMENT_TEAM = 7S9CF6BJNF;
				INFOPLIST_FILE = OpenDataDemoTests/Info.plist;
				LD_RUNPATH_SEARCH_PATHS = (
					"$(inherited)",
					"@executable_path/Frameworks",
					"@loader_path/Frameworks",
				);
				PRODUCT_BUNDLE_IDENTIFIER = DevelopRhythm.OpenDataDemoTests;
				PRODUCT_NAME = "$(TARGET_NAME)";
				SWIFT_VERSION = 5.0;
				TARGETED_DEVICE_FAMILY = "1,2";
				TEST_HOST = "$(BUILT_PRODUCTS_DIR)/OpenDataDemo.app/OpenDataDemo";
			};
			name = Release;
		};
		63A2C480230B9A7300799CF3 /* Debug */ = {
			isa = XCBuildConfiguration;
			buildSettings = {
				CLANG_ENABLE_MODULES = YES;
				CODE_SIGN_IDENTITY = "Mac Developer";
				CODE_SIGN_STYLE = Automatic;
				COMBINE_HIDPI_IMAGES = YES;
				CURRENT_PROJECT_VERSION = 1;
				DEFINES_MODULE = YES;
				DEVELOPMENT_TEAM = 7S9CF6BJNF;
				DYLIB_COMPATIBILITY_VERSION = 1;
				DYLIB_CURRENT_VERSION = 1;
				DYLIB_INSTALL_NAME_BASE = "@rpath";
				FRAMEWORK_VERSION = A;
				INFOPLIST_FILE = APIClient/Info.plist;
				INSTALL_PATH = "$(LOCAL_LIBRARY_DIR)/Frameworks";
				LD_RUNPATH_SEARCH_PATHS = (
					"$(inherited)",
					"@executable_path/../Frameworks",
					"@loader_path/Frameworks",
				);
				MACOSX_DEPLOYMENT_TARGET = 10.15;
				PRODUCT_BUNDLE_IDENTIFIER = DevelopRhythm.APIClient;
				PRODUCT_NAME = "$(TARGET_NAME:c99extidentifier)";
				SDKROOT = macosx;
				SKIP_INSTALL = YES;
				SWIFT_OPTIMIZATION_LEVEL = "-Onone";
				SWIFT_VERSION = 5.0;
				VERSIONING_SYSTEM = "apple-generic";
				VERSION_INFO_PREFIX = "";
			};
			name = Debug;
		};
		63A2C481230B9A7300799CF3 /* Release */ = {
			isa = XCBuildConfiguration;
			buildSettings = {
				CLANG_ENABLE_MODULES = YES;
				CODE_SIGN_IDENTITY = "Mac Developer";
				CODE_SIGN_STYLE = Automatic;
				COMBINE_HIDPI_IMAGES = YES;
				CURRENT_PROJECT_VERSION = 1;
				DEFINES_MODULE = YES;
				DEVELOPMENT_TEAM = 7S9CF6BJNF;
				DYLIB_COMPATIBILITY_VERSION = 1;
				DYLIB_CURRENT_VERSION = 1;
				DYLIB_INSTALL_NAME_BASE = "@rpath";
				FRAMEWORK_VERSION = A;
				INFOPLIST_FILE = APIClient/Info.plist;
				INSTALL_PATH = "$(LOCAL_LIBRARY_DIR)/Frameworks";
				LD_RUNPATH_SEARCH_PATHS = (
					"$(inherited)",
					"@executable_path/../Frameworks",
					"@loader_path/Frameworks",
				);
				MACOSX_DEPLOYMENT_TARGET = 10.15;
				PRODUCT_BUNDLE_IDENTIFIER = DevelopRhythm.APIClient;
				PRODUCT_NAME = "$(TARGET_NAME:c99extidentifier)";
				SDKROOT = macosx;
				SKIP_INSTALL = YES;
				SWIFT_VERSION = 5.0;
				VERSIONING_SYSTEM = "apple-generic";
				VERSION_INFO_PREFIX = "";
			};
			name = Release;
		};
		63A2C483230B9A7300799CF3 /* Debug */ = {
			isa = XCBuildConfiguration;
			buildSettings = {
				ALWAYS_EMBED_SWIFT_STANDARD_LIBRARIES = YES;
				CODE_SIGN_IDENTITY = "Mac Developer";
				CODE_SIGN_STYLE = Automatic;
				COMBINE_HIDPI_IMAGES = YES;
				DEVELOPMENT_TEAM = 7S9CF6BJNF;
				INFOPLIST_FILE = APIClientTests/Info.plist;
				LD_RUNPATH_SEARCH_PATHS = (
					"$(inherited)",
					"@executable_path/../Frameworks",
					"@loader_path/../Frameworks",
				);
				MACOSX_DEPLOYMENT_TARGET = 10.15;
				PRODUCT_BUNDLE_IDENTIFIER = DevelopRhythm.APIClientTests;
				PRODUCT_NAME = "$(TARGET_NAME)";
				SDKROOT = macosx;
				SWIFT_VERSION = 5.0;
			};
			name = Debug;
		};
		63A2C484230B9A7300799CF3 /* Release */ = {
			isa = XCBuildConfiguration;
			buildSettings = {
				ALWAYS_EMBED_SWIFT_STANDARD_LIBRARIES = YES;
				CODE_SIGN_IDENTITY = "Mac Developer";
				CODE_SIGN_STYLE = Automatic;
				COMBINE_HIDPI_IMAGES = YES;
				DEVELOPMENT_TEAM = 7S9CF6BJNF;
				INFOPLIST_FILE = APIClientTests/Info.plist;
				LD_RUNPATH_SEARCH_PATHS = (
					"$(inherited)",
					"@executable_path/../Frameworks",
					"@loader_path/../Frameworks",
				);
				MACOSX_DEPLOYMENT_TARGET = 10.15;
				PRODUCT_BUNDLE_IDENTIFIER = DevelopRhythm.APIClientTests;
				PRODUCT_NAME = "$(TARGET_NAME)";
				SDKROOT = macosx;
				SWIFT_VERSION = 5.0;
			};
			name = Release;
		};
		63A2C4AE230B9FE200799CF3 /* Debug */ = {
			isa = XCBuildConfiguration;
			buildSettings = {
				CLANG_ENABLE_MODULES = YES;
				CODE_SIGN_IDENTITY = "Mac Developer";
				CODE_SIGN_STYLE = Automatic;
				COMBINE_HIDPI_IMAGES = YES;
				CURRENT_PROJECT_VERSION = 1;
				DEFINES_MODULE = YES;
				DEVELOPMENT_TEAM = 7S9CF6BJNF;
				DYLIB_COMPATIBILITY_VERSION = 1;
				DYLIB_CURRENT_VERSION = 1;
				DYLIB_INSTALL_NAME_BASE = "@rpath";
				FRAMEWORK_VERSION = A;
				INFOPLIST_FILE = OpenDataFeed/Info.plist;
				INSTALL_PATH = "$(LOCAL_LIBRARY_DIR)/Frameworks";
				LD_RUNPATH_SEARCH_PATHS = (
					"$(inherited)",
					"@executable_path/../Frameworks",
					"@loader_path/Frameworks",
				);
				MACOSX_DEPLOYMENT_TARGET = 10.15;
				PRODUCT_BUNDLE_IDENTIFIER = DevelopRhythm.OpenDataFeed;
				PRODUCT_NAME = "$(TARGET_NAME:c99extidentifier)";
				SDKROOT = macosx;
				SKIP_INSTALL = YES;
				SWIFT_OPTIMIZATION_LEVEL = "-Onone";
				SWIFT_VERSION = 5.0;
				VERSIONING_SYSTEM = "apple-generic";
				VERSION_INFO_PREFIX = "";
			};
			name = Debug;
		};
		63A2C4AF230B9FE200799CF3 /* Release */ = {
			isa = XCBuildConfiguration;
			buildSettings = {
				CLANG_ENABLE_MODULES = YES;
				CODE_SIGN_IDENTITY = "Mac Developer";
				CODE_SIGN_STYLE = Automatic;
				COMBINE_HIDPI_IMAGES = YES;
				CURRENT_PROJECT_VERSION = 1;
				DEFINES_MODULE = YES;
				DEVELOPMENT_TEAM = 7S9CF6BJNF;
				DYLIB_COMPATIBILITY_VERSION = 1;
				DYLIB_CURRENT_VERSION = 1;
				DYLIB_INSTALL_NAME_BASE = "@rpath";
				FRAMEWORK_VERSION = A;
				INFOPLIST_FILE = OpenDataFeed/Info.plist;
				INSTALL_PATH = "$(LOCAL_LIBRARY_DIR)/Frameworks";
				LD_RUNPATH_SEARCH_PATHS = (
					"$(inherited)",
					"@executable_path/../Frameworks",
					"@loader_path/Frameworks",
				);
				MACOSX_DEPLOYMENT_TARGET = 10.15;
				PRODUCT_BUNDLE_IDENTIFIER = DevelopRhythm.OpenDataFeed;
				PRODUCT_NAME = "$(TARGET_NAME:c99extidentifier)";
				SDKROOT = macosx;
				SKIP_INSTALL = YES;
				SWIFT_VERSION = 5.0;
				VERSIONING_SYSTEM = "apple-generic";
				VERSION_INFO_PREFIX = "";
			};
			name = Release;
		};
		63A2C4B1230B9FE200799CF3 /* Debug */ = {
			isa = XCBuildConfiguration;
			buildSettings = {
				ALWAYS_EMBED_SWIFT_STANDARD_LIBRARIES = YES;
				CODE_SIGN_IDENTITY = "Mac Developer";
				CODE_SIGN_STYLE = Automatic;
				COMBINE_HIDPI_IMAGES = YES;
				DEVELOPMENT_TEAM = 7S9CF6BJNF;
				INFOPLIST_FILE = OpenDataFeedTests/Info.plist;
				LD_RUNPATH_SEARCH_PATHS = (
					"$(inherited)",
					"@executable_path/../Frameworks",
					"@loader_path/../Frameworks",
				);
				MACOSX_DEPLOYMENT_TARGET = 10.15;
				PRODUCT_BUNDLE_IDENTIFIER = DevelopRhythm.OpenDataFeedTests;
				PRODUCT_NAME = "$(TARGET_NAME)";
				SDKROOT = macosx;
				SWIFT_VERSION = 5.0;
			};
			name = Debug;
		};
		63A2C4B2230B9FE200799CF3 /* Release */ = {
			isa = XCBuildConfiguration;
			buildSettings = {
				ALWAYS_EMBED_SWIFT_STANDARD_LIBRARIES = YES;
				CODE_SIGN_IDENTITY = "Mac Developer";
				CODE_SIGN_STYLE = Automatic;
				COMBINE_HIDPI_IMAGES = YES;
				DEVELOPMENT_TEAM = 7S9CF6BJNF;
				INFOPLIST_FILE = OpenDataFeedTests/Info.plist;
				LD_RUNPATH_SEARCH_PATHS = (
					"$(inherited)",
					"@executable_path/../Frameworks",
					"@loader_path/../Frameworks",
				);
				MACOSX_DEPLOYMENT_TARGET = 10.15;
				PRODUCT_BUNDLE_IDENTIFIER = DevelopRhythm.OpenDataFeedTests;
				PRODUCT_NAME = "$(TARGET_NAME)";
				SDKROOT = macosx;
				SWIFT_VERSION = 5.0;
			};
			name = Release;
		};
/* End XCBuildConfiguration section */

/* Begin XCConfigurationList section */
		6358C320230B96700067AA87 /* Build configuration list for PBXProject "OpenDataDemo" */ = {
			isa = XCConfigurationList;
			buildConfigurations = (
				6358C340230B96720067AA87 /* Debug */,
				6358C341230B96720067AA87 /* Release */,
			);
			defaultConfigurationIsVisible = 0;
			defaultConfigurationName = Release;
		};
		6358C342230B96720067AA87 /* Build configuration list for PBXNativeTarget "OpenDataDemo" */ = {
			isa = XCConfigurationList;
			buildConfigurations = (
				6358C343230B96720067AA87 /* Debug */,
				6358C344230B96720067AA87 /* Release */,
			);
			defaultConfigurationIsVisible = 0;
			defaultConfigurationName = Release;
		};
		6358C345230B96720067AA87 /* Build configuration list for PBXNativeTarget "OpenDataDemoTests" */ = {
			isa = XCConfigurationList;
			buildConfigurations = (
				6358C346230B96720067AA87 /* Debug */,
				6358C347230B96720067AA87 /* Release */,
			);
			defaultConfigurationIsVisible = 0;
			defaultConfigurationName = Release;
		};
		63A2C47F230B9A7300799CF3 /* Build configuration list for PBXNativeTarget "APIClient" */ = {
			isa = XCConfigurationList;
			buildConfigurations = (
				63A2C480230B9A7300799CF3 /* Debug */,
				63A2C481230B9A7300799CF3 /* Release */,
			);
			defaultConfigurationIsVisible = 0;
			defaultConfigurationName = Release;
		};
		63A2C482230B9A7300799CF3 /* Build configuration list for PBXNativeTarget "APIClientTests" */ = {
			isa = XCConfigurationList;
			buildConfigurations = (
				63A2C483230B9A7300799CF3 /* Debug */,
				63A2C484230B9A7300799CF3 /* Release */,
			);
			defaultConfigurationIsVisible = 0;
			defaultConfigurationName = Release;
		};
		63A2C4AD230B9FE200799CF3 /* Build configuration list for PBXNativeTarget "OpenDataFeed" */ = {
			isa = XCConfigurationList;
			buildConfigurations = (
				63A2C4AE230B9FE200799CF3 /* Debug */,
				63A2C4AF230B9FE200799CF3 /* Release */,
			);
			defaultConfigurationIsVisible = 0;
			defaultConfigurationName = Release;
		};
		63A2C4B0230B9FE200799CF3 /* Build configuration list for PBXNativeTarget "OpenDataFeedTests" */ = {
			isa = XCConfigurationList;
			buildConfigurations = (
				63A2C4B1230B9FE200799CF3 /* Debug */,
				63A2C4B2230B9FE200799CF3 /* Release */,
			);
			defaultConfigurationIsVisible = 0;
			defaultConfigurationName = Release;
		};
/* End XCConfigurationList section */
	};
	rootObject = 6358C31D230B96700067AA87 /* Project object */;
}
